
Microsoft Visual Studio Solution File, Format Version 12.00
# Visual Studio Version 17
VisualStudioVersion = 17.7.34018.315
MinimumVisualStudioVersion = 10.0.40219.1
Project("{FAE04EC0-301F-11D3-BF4B-00C04F79EFBC}") = "UserInputCalculator", "UserInputCalculator.csproj", "{1C8010B5-01E4-4A19-A747-9754111D23EC}"
EndProject
Global
	GlobalSection(SolutionConfigurationPlatforms) = preSolution
		Debug|Any CPU = Debug|Any CPU
		Release|Any CPU = Release|Any CPU
	EndGlobalSection
	GlobalSection(ProjectConfigurationPlatforms) = postSolution
		{1C8010B5-01E4-4A19-A747-9754111D23EC}.Debug|Any CPU.ActiveCfg = Debug|Any CPU
		{1C8010B5-01E4-4A19-A747-9754111D23EC}.Debug|Any CPU.Build.0 = Debug|Any CPU
		{1C8010B5-01E4-4A19-A747-9754111D23EC}.Release|Any CPU.ActiveCfg = Release|Any CPU
		{1C8010B5-01E4-4A19-A747-9754111D23EC}.Release|Any CPU.Build.0 = Release|Any CPU
	EndGlobalSection
	GlobalSection(SolutionProperties) = preSolution
		HideSolutionNode = FALSE
	EndGlobalSection
	GlobalSection(ExtensibilityGlobals) = postSolution
		SolutionGuid = {2AA04DF6-226C-419D-B2CC-38A24EEC9D36}
	EndGlobalSection
EndGlobal
